{
    "_meta": {
        "hash": {
            "sha256": "df663cc8610356da2e8f56cb3510ace77c15fb004d0d716f122bd7a79f9db82d"
        },
        "host-environment-markers": {
            "implementation_name": "cpython",
            "implementation_version": "3.6.1",
            "os_name": "posix",
            "platform_machine": "x86_64",
            "platform_python_implementation": "CPython",
            "platform_release": "17.6.0",
            "platform_system": "Darwin",
            "platform_version": "Darwin Kernel Version 17.6.0: Tue May  8 15:22:16 PDT 2018; root:xnu-4570.61.1~1/RELEASE_X86_64",
            "python_full_version": "3.6.1",
            "python_version": "3.6",
            "sys_platform": "darwin"
        },
        "pipfile-spec": 6,
        "requires": {
            "python_version": "3.6"
        },
        "sources": [
            {
                "name": "pypi",
                "url": "https://pypi.org/simple",
                "verify_ssl": true
            }
        ]
    },
    "default": {
        "2342455": {
            "editable": true,
            "path": "./../visionneuse"
        },
        "4f547c1": {
            "editable": true,
            "path": "./../aspirateur"
        },
        "bleach": {
            "hashes": [],
            "version": "==2.1.3"
        },
        "certifi": {
            "hashes": [],
            "version": "==2018.4.16"
        },
        "chardet": {
            "hashes": [],
            "version": "==3.0.4"
        },
        "dataclasses": {
            "hashes": [],
            "version": "==0.6"
        },
        "e1839a8": {
            "editable": true,
            "path": "."
        },
        "et-xmlfile": {
            "hashes": [],
            "version": "==1.0.1"
        },
        "html5lib": {
            "hashes": [],
            "version": "==1.0.1"
        },
        "hupper": {
            "hashes": [],
            "version": "==1.3"
        },
        "idna": {
            "hashes": [],
            "version": "==2.7"
        },
        "jdcal": {
            "hashes": [],
            "version": "==1.4"
        },
        "jinja2": {
            "hashes": [],
            "version": "==2.10"
        },
        "markupsafe": {
            "hashes": [],
            "version": "==1.0"
        },
        "openpyxl": {
            "hashes": [],
            "version": "==2.5.4"
        },
        "pastedeploy": {
            "hashes": [],
            "version": "==1.5.2"
        },
        "plaster": {
            "hashes": [],
            "version": "==1.0"
        },
        "plaster-pastedeploy": {
            "hashes": [],
            "version": "==0.5"
        },
        "pyramid": {
            "hashes": [],
            "version": "==1.9.2"
        },
        "pyramid-jinja2": {
            "hashes": [],
            "version": "==2.7"
        },
        "repoze.lru": {
            "hashes": [],
            "version": "==0.7"
        },
        "requests": {
            "hashes": [],
            "version": "==2.19.1"
        },
        "six": {
            "hashes": [],
            "version": "==1.11.0"
        },
        "sqlalchemy": {
            "hashes": [],
            "version": "==1.2.8"
        },
        "translationstring": {
            "hashes": [],
            "version": "==1.3"
        },
        "urllib3": {
            "hashes": [],
            "version": "==1.23"
        },
        "venusian": {
            "hashes": [],
            "version": "==1.1.0"
        },
        "waitress": {
            "hashes": [],
            "version": "==1.1.0"
        },
        "webencodings": {
            "hashes": [],
            "version": "==0.5.1"
        },
        "webob": {
            "hashes": [],
            "version": "==1.8.2"
        },
        "zope.deprecation": {
            "hashes": [],
            "version": "==4.3.0"
        },
        "zope.interface": {
            "hashes": [],
            "version": "==4.5.0"
        }
    },
    "develop": {
        "appdirs": {
            "hashes": [],
            "version": "==1.4.3"
        },
        "atomicwrites": {
            "hashes": [],
            "version": "==1.1.5"
        },
        "attrs": {
            "hashes": [],
            "version": "==18.1.0"
        },
        "beautifulsoup4": {
            "hashes": [],
            "version": "==4.6.0"
        },
        "black": {
            "hashes": [],
            "version": "==18.6b3"
        },
        "click": {
            "hashes": [],
            "version": "==6.7"
        },
        "configparser": {
            "hashes": [],
            "markers": "python_version < '3.2'",
            "version": "==3.5.0"
        },
        "coverage": {
            "hashes": [],
            "version": "==5.0a1"
        },
        "enum34": {
            "hashes": [],
            "markers": "python_version < '3.4'",
            "version": "==1.1.6"
        },
        "flake8": {
            "hashes": [],
            "version": "==3.5.0"
        },
        "funcsigs": {
            "hashes": [],
            "markers": "python_version < '3.0'",
            "version": "==1.0.2"
        },
        "hupper": {
            "hashes": [],
            "version": "==1.3"
        },
        "ipaddress": {
            "hashes": [],
            "markers": "python_version < '3.3'",
            "version": "==1.0.22"
        },
        "mako": {
            "hashes": [],
            "version": "==1.0.7"
        },
        "markupsafe": {
            "hashes": [],
            "version": "==1.0"
        },
        "mccabe": {
            "hashes": [],
            "version": "==0.6.1"
        },
        "more-itertools": {
            "hashes": [],
            "version": "==4.2.0"
        },
        "mypy": {
            "hashes": [],
            "version": "==0.610"
        },
        "pastedeploy": {
            "hashes": [],
            "version": "==1.5.2"
        },
        "plaster": {
            "hashes": [],
            "version": "==1.0"
        },
        "plaster-pastedeploy": {
            "hashes": [],
            "version": "==0.5"
        },
        "pluggy": {
            "hashes": [],
            "version": "==0.6.0"
        },
        "py": {
            "hashes": [],
            "version": "==1.5.3"
        },
        "pycodestyle": {
            "hashes": [],
            "version": "==2.3.1"
        },
        "pyflakes": {
            "hashes": [],
            "version": "==1.6.0"
        },
        "pygments": {
            "hashes": [],
            "version": "==2.2.0"
        },
        "pyramid": {
            "hashes": [],
            "version": "==1.9.2"
        },
        "pyramid-debugtoolbar": {
            "hashes": [],
            "version": "==4.4"
        },
        "pyramid-mako": {
            "hashes": [],
            "version": "==1.0.2"
        },
        "pytest": {
            "hashes": [],
            "version": "==3.6.2"
        },
        "pytest-cov": {
            "hashes": [],
            "version": "==2.5.1"
        },
        "repoze.lru": {
            "hashes": [],
            "version": "==0.7"
        },
        "six": {
            "hashes": [],
            "version": "==1.11.0"
        },
        "toml": {
            "hashes": [],
            "version": "==0.9.4"
        },
        "translationstring": {
            "hashes": [],
            "version": "==1.3"
        },
        "typed-ast": {
            "hashes": [],
            "version": "==1.1.0"
        },
        "typing": {
            "hashes": [],
            "version": "==3.6.4"
        },
        "venusian": {
            "hashes": [],
            "version": "==1.1.0"
        },
        "waitress": {
            "hashes": [],
            "version": "==1.1.0"
        },
        "webob": {
            "hashes": [],
            "version": "==1.8.2"
        },
        "webtest": {
            "hashes": [],
            "version": "==2.0.29"
        },
        "zope.deprecation": {
            "hashes": [],
            "version": "==4.3.0"
        },
        "zope.interface": {
            "hashes": [],
            "version": "==4.5.0"
        }
    }
}
